
Microsoft Visual Studio Solution File, Format Version 12.00
# Visual Studio 15
VisualStudioVersion = 15.0.27130.2010
MinimumVisualStudioVersion = 10.0.40219.1
Project("{9A19103F-16F7-4668-BE54-9A1E7A4F7556}") = "WebApiClient.Extensions.DiscoveryClient", "WebApiClient.Extensions.DiscoveryClient\WebApiClient.Extensions.DiscoveryClient.csproj", "{F7F3C8A2-5C15-4EB5-9265-0606671CD57C}"
EndProject
Project("{9A19103F-16F7-4668-BE54-9A1E7A4F7556}") = "WebApiClient.Extensions.HttpClientFactory", "WebApiClient.Extensions.HttpClientFactory\WebApiClient.Extensions.HttpClientFactory.csproj", "{21E25F36-E5E6-49EB-A315-D096FAE17714}"
EndProject
Project("{9A19103F-16F7-4668-BE54-9A1E7A4F7556}") = "WebApiClient.Extensions.DependencyInjection", "WebApiClient.Extensions.DependencyInjection\WebApiClient.Extensions.DependencyInjection.csproj", "{606975B0-FD90-4B92-B5CD-6D6C20ED7EE2}"
EndProject
Project("{FAE04EC0-301F-11D3-BF4B-00C04F79EFBC}") = "WebApiClient.Extensions.MessagePack", "WebApiClient.Extensions.MessagePack\WebApiClient.Extensions.MessagePack.csproj", "{2116CF96-62D1-4476-8F47-208F04EB56A5}"
EndProject
Global
	GlobalSection(SolutionConfigurationPlatforms) = preSolution
		Debug|Any CPU = Debug|Any CPU
		Release|Any CPU = Release|Any CPU
	EndGlobalSection
	GlobalSection(ProjectConfigurationPlatforms) = postSolution
		{F7F3C8A2-5C15-4EB5-9265-0606671CD57C}.Debug|Any CPU.ActiveCfg = Debug|Any CPU
		{F7F3C8A2-5C15-4EB5-9265-0606671CD57C}.Debug|Any CPU.Build.0 = Debug|Any CPU
		{F7F3C8A2-5C15-4EB5-9265-0606671CD57C}.Release|Any CPU.ActiveCfg = Release|Any CPU
		{F7F3C8A2-5C15-4EB5-9265-0606671CD57C}.Release|Any CPU.Build.0 = Release|Any CPU
		{21E25F36-E5E6-49EB-A315-D096FAE17714}.Debug|Any CPU.ActiveCfg = Debug|Any CPU
		{21E25F36-E5E6-49EB-A315-D096FAE17714}.Debug|Any CPU.Build.0 = Debug|Any CPU
		{21E25F36-E5E6-49EB-A315-D096FAE17714}.Release|Any CPU.ActiveCfg = Release|Any CPU
		{21E25F36-E5E6-49EB-A315-D096FAE17714}.Release|Any CPU.Build.0 = Release|Any CPU
		{606975B0-FD90-4B92-B5CD-6D6C20ED7EE2}.Debug|Any CPU.ActiveCfg = Debug|Any CPU
		{606975B0-FD90-4B92-B5CD-6D6C20ED7EE2}.Debug|Any CPU.Build.0 = Debug|Any CPU
		{606975B0-FD90-4B92-B5CD-6D6C20ED7EE2}.Release|Any CPU.ActiveCfg = Release|Any CPU
		{606975B0-FD90-4B92-B5CD-6D6C20ED7EE2}.Release|Any CPU.Build.0 = Release|Any CPU
		{2116CF96-62D1-4476-8F47-208F04EB56A5}.Debug|Any CPU.ActiveCfg = Debug|Any CPU
		{2116CF96-62D1-4476-8F47-208F04EB56A5}.Debug|Any CPU.Build.0 = Debug|Any CPU
		{2116CF96-62D1-4476-8F47-208F04EB56A5}.Release|Any CPU.ActiveCfg = Release|Any CPU
		{2116CF96-62D1-4476-8F47-208F04EB56A5}.Release|Any CPU.Build.0 = Release|Any CPU
	EndGlobalSection
	GlobalSection(SolutionProperties) = preSolution
		HideSolutionNode = FALSE
	EndGlobalSection
	GlobalSection(ExtensibilityGlobals) = postSolution
		SolutionGuid = {564898E5-E0DA-4A91-AFE1-E957563EB199}
	EndGlobalSection
EndGlobal
